
Microsoft Visual Studio Solution File, Format Version 12.00
# Visual Studio 14
VisualStudioVersion = 14.0.25420.1
MinimumVisualStudioVersion = 10.0.40219.1
Project("{FAE04EC0-301F-11D3-BF4B-00C04F79EFBC}") = "DynamicSolver.GUI", "DynamicSolver.GUI\DynamicSolver.GUI.csproj", "{3A901D47-DD97-49FA-86A4-FF9E92EEA552}"
EndProject
Project("{2150E333-8FDC-42A3-9474-1A3956D46DE8}") = "GUI", "GUI", "{3803E1DB-7ECA-45E5-BEE1-8C2308AFBA2D}"
EndProject
Project("{2150E333-8FDC-42A3-9474-1A3956D46DE8}") = "Core", "Core", "{2BE53A76-B20A-4A76-A5CF-B455471881F1}"
EndProject
Project("{FAE04EC0-301F-11D3-BF4B-00C04F79EFBC}") = "DynamicSolver.Expressions", "DynamicSolver.Expressions\DynamicSolver.Expressions.csproj", "{75DC424A-2F66-456D-8251-91A7290FB265}"
EndProject
Project("{2150E333-8FDC-42A3-9474-1A3956D46DE8}") = "Tests", "Tests", "{9019B105-D810-4019-8367-9254C3896935}"
EndProject
Project("{FAE04EC0-301F-11D3-BF4B-00C04F79EFBC}") = "DynamicSolver.Expressions.Tests", "DynamicSolver.Expressions.Tests\DynamicSolver.Expressions.Tests.csproj", "{42F7B6FE-008D-4EC9-B5FB-7AFAE038B50B}"
EndProject
Project("{2150E333-8FDC-42A3-9474-1A3956D46DE8}") = "Solution Items", "Solution Items", "{45D18E47-66E2-4F45-A734-2F73FF91A507}"
	ProjectSection(SolutionItems) = preProject
		appveyor.yml = appveyor.yml
	EndProjectSection
EndProject
Project("{FAE04EC0-301F-11D3-BF4B-00C04F79EFBC}") = "DynamicSolver.ViewModel", "DynamicSolver.ViewModel\DynamicSolver.ViewModel.csproj", "{3DA1C621-033E-4CFA-AEDE-2932CDB35BED}"
EndProject
Project("{FAE04EC0-301F-11D3-BF4B-00C04F79EFBC}") = "DynamicSolver.DynamicSystem", "DynamicSolver.DynamicSystem\DynamicSolver.DynamicSystem.csproj", "{014C42F7-A7DF-4E9E-9853-2A6D02393B99}"
EndProject
Project("{FAE04EC0-301F-11D3-BF4B-00C04F79EFBC}") = "DynamicSolver.DynamicSystem.Tests", "DynamicSolver.DynamicSystem.Tests\DynamicSolver.DynamicSystem.Tests.csproj", "{F55727B9-6C39-4D63-A926-F2591707C0C3}"
EndProject
Global
	GlobalSection(SolutionConfigurationPlatforms) = preSolution
		Debug|Any CPU = Debug|Any CPU
		Release|Any CPU = Release|Any CPU
	EndGlobalSection
	GlobalSection(ProjectConfigurationPlatforms) = postSolution
		{3A901D47-DD97-49FA-86A4-FF9E92EEA552}.Debug|Any CPU.ActiveCfg = Debug|Any CPU
		{3A901D47-DD97-49FA-86A4-FF9E92EEA552}.Debug|Any CPU.Build.0 = Debug|Any CPU
		{3A901D47-DD97-49FA-86A4-FF9E92EEA552}.Release|Any CPU.ActiveCfg = Release|Any CPU
		{3A901D47-DD97-49FA-86A4-FF9E92EEA552}.Release|Any CPU.Build.0 = Release|Any CPU
		{75DC424A-2F66-456D-8251-91A7290FB265}.Debug|Any CPU.ActiveCfg = Debug|Any CPU
		{75DC424A-2F66-456D-8251-91A7290FB265}.Debug|Any CPU.Build.0 = Debug|Any CPU
		{75DC424A-2F66-456D-8251-91A7290FB265}.Release|Any CPU.ActiveCfg = Release|Any CPU
		{75DC424A-2F66-456D-8251-91A7290FB265}.Release|Any CPU.Build.0 = Release|Any CPU
		{42F7B6FE-008D-4EC9-B5FB-7AFAE038B50B}.Debug|Any CPU.ActiveCfg = Debug|Any CPU
		{42F7B6FE-008D-4EC9-B5FB-7AFAE038B50B}.Debug|Any CPU.Build.0 = Debug|Any CPU
		{42F7B6FE-008D-4EC9-B5FB-7AFAE038B50B}.Release|Any CPU.ActiveCfg = Release|Any CPU
		{42F7B6FE-008D-4EC9-B5FB-7AFAE038B50B}.Release|Any CPU.Build.0 = Release|Any CPU
		{3DA1C621-033E-4CFA-AEDE-2932CDB35BED}.Debug|Any CPU.ActiveCfg = Debug|Any CPU
		{3DA1C621-033E-4CFA-AEDE-2932CDB35BED}.Debug|Any CPU.Build.0 = Debug|Any CPU
		{3DA1C621-033E-4CFA-AEDE-2932CDB35BED}.Release|Any CPU.ActiveCfg = Release|Any CPU
		{3DA1C621-033E-4CFA-AEDE-2932CDB35BED}.Release|Any CPU.Build.0 = Release|Any CPU
		{014C42F7-A7DF-4E9E-9853-2A6D02393B99}.Debug|Any CPU.ActiveCfg = Debug|Any CPU
		{014C42F7-A7DF-4E9E-9853-2A6D02393B99}.Debug|Any CPU.Build.0 = Debug|Any CPU
		{014C42F7-A7DF-4E9E-9853-2A6D02393B99}.Release|Any CPU.ActiveCfg = Release|Any CPU
		{014C42F7-A7DF-4E9E-9853-2A6D02393B99}.Release|Any CPU.Build.0 = Release|Any CPU
		{F55727B9-6C39-4D63-A926-F2591707C0C3}.Debug|Any CPU.ActiveCfg = Debug|Any CPU
		{F55727B9-6C39-4D63-A926-F2591707C0C3}.Debug|Any CPU.Build.0 = Debug|Any CPU
		{F55727B9-6C39-4D63-A926-F2591707C0C3}.Release|Any CPU.ActiveCfg = Release|Any CPU
		{F55727B9-6C39-4D63-A926-F2591707C0C3}.Release|Any CPU.Build.0 = Release|Any CPU
	EndGlobalSection
	GlobalSection(SolutionProperties) = preSolution
		HideSolutionNode = FALSE
	EndGlobalSection
	GlobalSection(NestedProjects) = preSolution
		{3A901D47-DD97-49FA-86A4-FF9E92EEA552} = {3803E1DB-7ECA-45E5-BEE1-8C2308AFBA2D}
		{75DC424A-2F66-456D-8251-91A7290FB265} = {2BE53A76-B20A-4A76-A5CF-B455471881F1}
		{9019B105-D810-4019-8367-9254C3896935} = {2BE53A76-B20A-4A76-A5CF-B455471881F1}
		{42F7B6FE-008D-4EC9-B5FB-7AFAE038B50B} = {9019B105-D810-4019-8367-9254C3896935}
		{3DA1C621-033E-4CFA-AEDE-2932CDB35BED} = {3803E1DB-7ECA-45E5-BEE1-8C2308AFBA2D}
		{014C42F7-A7DF-4E9E-9853-2A6D02393B99} = {2BE53A76-B20A-4A76-A5CF-B455471881F1}
		{F55727B9-6C39-4D63-A926-F2591707C0C3} = {9019B105-D810-4019-8367-9254C3896935}
	EndGlobalSection
EndGlobal
