
Microsoft Visual Studio Solution File, Format Version 12.00
# Visual Studio 15
VisualStudioVersion = 15.0.26403.7
MinimumVisualStudioVersion = 10.0.40219.1
Project("{2150E333-8FDC-42A3-9474-1A3956D46DE8}") = "App", "App", "{3803E1DB-7ECA-45E5-BEE1-8C2308AFBA2D}"
EndProject
Project("{2150E333-8FDC-42A3-9474-1A3956D46DE8}") = "Core", "Core", "{2BE53A76-B20A-4A76-A5CF-B455471881F1}"
EndProject
Project("{2150E333-8FDC-42A3-9474-1A3956D46DE8}") = "Tests", "Tests", "{9019B105-D810-4019-8367-9254C3896935}"
EndProject
Project("{2150E333-8FDC-42A3-9474-1A3956D46DE8}") = "Solution Items", "Solution Items", "{45D18E47-66E2-4F45-A734-2F73FF91A507}"
	ProjectSection(SolutionItems) = preProject
		appveyor.yml = appveyor.yml
		build.cake = build.cake
		build.ps1 = build.ps1
		SolutionInfo.cs = SolutionInfo.cs
		parameters.cake = parameters.cake
	EndProjectSection
EndProject
Project("{FAE04EC0-301F-11D3-BF4B-00C04F79EFBC}") = "DynamicSolver.Core", "DynamicSolver.Core\DynamicSolver.Core.csproj", "{6C767E42-58F0-48B9-BACE-30DB399F7F0B}"
EndProject
Project("{FAE04EC0-301F-11D3-BF4B-00C04F79EFBC}") = "DynamicSolver.Core.Tests", "DynamicSolver.Core.Tests\DynamicSolver.Core.Tests.csproj", "{482244F9-E11B-49FF-9DCB-E434641A5FBA}"
EndProject
Project("{FAE04EC0-301F-11D3-BF4B-00C04F79EFBC}") = "DynamicSolver.Modelling", "DynamicSolver.Modelling\DynamicSolver.Modelling.csproj", "{948BFC7F-E551-4013-98A3-F8BC03989E90}"
EndProject
Project("{FAE04EC0-301F-11D3-BF4B-00C04F79EFBC}") = "DynamicSolver.Modelling.Tests", "DynamicSolver.Modelling.Tests\DynamicSolver.Modelling.Tests.csproj", "{4B25E579-F8AF-4903-8C29-28473C99DDEC}"
EndProject
Project("{FAE04EC0-301F-11D3-BF4B-00C04F79EFBC}") = "DynamicSolver.App.ViewModel", "DynamicSolver.App.ViewModel\DynamicSolver.App.ViewModel.csproj", "{E44C79F4-B4AB-4AB3-9497-F9C82E1A5D9B}"
EndProject
Project("{FAE04EC0-301F-11D3-BF4B-00C04F79EFBC}") = "DynamicSolver.App", "DynamicSolver.App\DynamicSolver.App.csproj", "{25B43BF3-BABF-4F24-A0E7-31B55783F0DB}"
EndProject
Global
	GlobalSection(SolutionConfigurationPlatforms) = preSolution
		Debug|Any CPU = Debug|Any CPU
		Release|Any CPU = Release|Any CPU
	EndGlobalSection
	GlobalSection(ProjectConfigurationPlatforms) = postSolution
		{6C767E42-58F0-48B9-BACE-30DB399F7F0B}.Debug|Any CPU.ActiveCfg = Debug|Any CPU
		{6C767E42-58F0-48B9-BACE-30DB399F7F0B}.Debug|Any CPU.Build.0 = Debug|Any CPU
		{6C767E42-58F0-48B9-BACE-30DB399F7F0B}.Release|Any CPU.ActiveCfg = Release|Any CPU
		{6C767E42-58F0-48B9-BACE-30DB399F7F0B}.Release|Any CPU.Build.0 = Release|Any CPU
		{482244F9-E11B-49FF-9DCB-E434641A5FBA}.Debug|Any CPU.ActiveCfg = Debug|Any CPU
		{482244F9-E11B-49FF-9DCB-E434641A5FBA}.Debug|Any CPU.Build.0 = Debug|Any CPU
		{482244F9-E11B-49FF-9DCB-E434641A5FBA}.Release|Any CPU.ActiveCfg = Release|Any CPU
		{482244F9-E11B-49FF-9DCB-E434641A5FBA}.Release|Any CPU.Build.0 = Release|Any CPU
		{948BFC7F-E551-4013-98A3-F8BC03989E90}.Debug|Any CPU.ActiveCfg = Debug|Any CPU
		{948BFC7F-E551-4013-98A3-F8BC03989E90}.Debug|Any CPU.Build.0 = Debug|Any CPU
		{948BFC7F-E551-4013-98A3-F8BC03989E90}.Release|Any CPU.ActiveCfg = Release|Any CPU
		{948BFC7F-E551-4013-98A3-F8BC03989E90}.Release|Any CPU.Build.0 = Release|Any CPU
		{4B25E579-F8AF-4903-8C29-28473C99DDEC}.Debug|Any CPU.ActiveCfg = Debug|Any CPU
		{4B25E579-F8AF-4903-8C29-28473C99DDEC}.Debug|Any CPU.Build.0 = Debug|Any CPU
		{4B25E579-F8AF-4903-8C29-28473C99DDEC}.Release|Any CPU.ActiveCfg = Release|Any CPU
		{4B25E579-F8AF-4903-8C29-28473C99DDEC}.Release|Any CPU.Build.0 = Release|Any CPU
		{E44C79F4-B4AB-4AB3-9497-F9C82E1A5D9B}.Debug|Any CPU.ActiveCfg = Debug|Any CPU
		{E44C79F4-B4AB-4AB3-9497-F9C82E1A5D9B}.Debug|Any CPU.Build.0 = Debug|Any CPU
		{E44C79F4-B4AB-4AB3-9497-F9C82E1A5D9B}.Release|Any CPU.ActiveCfg = Release|Any CPU
		{E44C79F4-B4AB-4AB3-9497-F9C82E1A5D9B}.Release|Any CPU.Build.0 = Release|Any CPU
		{25B43BF3-BABF-4F24-A0E7-31B55783F0DB}.Debug|Any CPU.ActiveCfg = Debug|Any CPU
		{25B43BF3-BABF-4F24-A0E7-31B55783F0DB}.Debug|Any CPU.Build.0 = Debug|Any CPU
		{25B43BF3-BABF-4F24-A0E7-31B55783F0DB}.Release|Any CPU.ActiveCfg = Release|Any CPU
		{25B43BF3-BABF-4F24-A0E7-31B55783F0DB}.Release|Any CPU.Build.0 = Release|Any CPU
	EndGlobalSection
	GlobalSection(SolutionProperties) = preSolution
		HideSolutionNode = FALSE
	EndGlobalSection
	GlobalSection(NestedProjects) = preSolution
		{9019B105-D810-4019-8367-9254C3896935} = {2BE53A76-B20A-4A76-A5CF-B455471881F1}
		{6C767E42-58F0-48B9-BACE-30DB399F7F0B} = {2BE53A76-B20A-4A76-A5CF-B455471881F1}
		{482244F9-E11B-49FF-9DCB-E434641A5FBA} = {9019B105-D810-4019-8367-9254C3896935}
		{948BFC7F-E551-4013-98A3-F8BC03989E90} = {2BE53A76-B20A-4A76-A5CF-B455471881F1}
		{4B25E579-F8AF-4903-8C29-28473C99DDEC} = {9019B105-D810-4019-8367-9254C3896935}
		{E44C79F4-B4AB-4AB3-9497-F9C82E1A5D9B} = {3803E1DB-7ECA-45E5-BEE1-8C2308AFBA2D}
		{25B43BF3-BABF-4F24-A0E7-31B55783F0DB} = {3803E1DB-7ECA-45E5-BEE1-8C2308AFBA2D}
	EndGlobalSection
EndGlobal
