
Microsoft Visual Studio Solution File, Format Version 12.00
# Visual Studio 14
VisualStudioVersion = 14.0.24720.0
MinimumVisualStudioVersion = 10.0.40219.1
Project("{FAE04EC0-301F-11D3-BF4B-00C04F79EFBC}") = "DynamicSolver.GUI", "DynamicSolver.GUI\DynamicSolver.GUI.csproj", "{3A901D47-DD97-49FA-86A4-FF9E92EEA552}"
EndProject
Project("{FAE04EC0-301F-11D3-BF4B-00C04F79EFBC}") = "DynamicSolver.ExpressionCompiler", "DynamicSolver.ExpressionCompiler\DynamicSolver.ExpressionCompiler.csproj", "{9239D3BF-592B-4532-BD62-0A94B4D296E2}"
EndProject
Project("{2150E333-8FDC-42A3-9474-1A3956D46DE8}") = "GUI", "GUI", "{3803E1DB-7ECA-45E5-BEE1-8C2308AFBA2D}"
EndProject
Project("{2150E333-8FDC-42A3-9474-1A3956D46DE8}") = "Service", "Service", "{2E695FA3-D4C9-440B-A17E-319B73AF7B41}"
EndProject
Project("{2150E333-8FDC-42A3-9474-1A3956D46DE8}") = "Tests", "Tests", "{E8601327-AA42-48D8-BCB1-9590F214EF48}"
EndProject
Project("{FAE04EC0-301F-11D3-BF4B-00C04F79EFBC}") = "DynamicSolver.ExpressionCompiler.Tests", "DynamicSolver.ExpressionCompiler.Tests\DynamicSolver.ExpressionCompiler.Tests.csproj", "{EFC18CB7-35E6-45FD-87A8-95B3654ABB2A}"
EndProject
Project("{2150E333-8FDC-42A3-9474-1A3956D46DE8}") = "Core", "Core", "{2BE53A76-B20A-4A76-A5CF-B455471881F1}"
EndProject
Project("{FAE04EC0-301F-11D3-BF4B-00C04F79EFBC}") = "DynamicSolver.Abstractions", "DynamicSolver.Abstractions\DynamicSolver.Abstractions.csproj", "{74375775-643E-4016-A7E2-F2B477A3175A}"
EndProject
Project("{FAE04EC0-301F-11D3-BF4B-00C04F79EFBC}") = "DynamicSolver.ExpressionParser", "DynamicSolver.ExpressionParser\DynamicSolver.ExpressionParser.csproj", "{75DC424A-2F66-456D-8251-91A7290FB265}"
EndProject
Project("{2150E333-8FDC-42A3-9474-1A3956D46DE8}") = "Tests", "Tests", "{9019B105-D810-4019-8367-9254C3896935}"
EndProject
Project("{FAE04EC0-301F-11D3-BF4B-00C04F79EFBC}") = "DynamicSolver.ExpressionParser.Tests", "DynamicSolver.ExpressionParser.Tests\DynamicSolver.ExpressionParser.Tests.csproj", "{42F7B6FE-008D-4EC9-B5FB-7AFAE038B50B}"
EndProject
Project("{FAE04EC0-301F-11D3-BF4B-00C04F79EFBC}") = "DynamicSolver.LinearAlgebra", "DynamicSolver.LinearAlgebra\DynamicSolver.LinearAlgebra.csproj", "{7091A9CF-91FE-440D-AF2D-B37345067114}"
EndProject
Project("{FAE04EC0-301F-11D3-BF4B-00C04F79EFBC}") = "DynamicSolver.LinearAlgebra.Tests", "DynamicSolver.LinearAlgebra.Tests\DynamicSolver.LinearAlgebra.Tests.csproj", "{B93DFA6D-ABF2-45A7-ADDB-5B611515A245}"
EndProject
Project("{2150E333-8FDC-42A3-9474-1A3956D46DE8}") = "Solution Items", "Solution Items", "{45D18E47-66E2-4F45-A734-2F73FF91A507}"
	ProjectSection(SolutionItems) = preProject
		appveyor.yml = appveyor.yml
	EndProjectSection
EndProject
Project("{FAE04EC0-301F-11D3-BF4B-00C04F79EFBC}") = "DynamicSolver.Minimizer", "DynamicSolver.Minimizer\DynamicSolver.Minimizer.csproj", "{04B2B8B5-88EF-4484-9767-FCFDE69372DA}"
EndProject
Project("{FAE04EC0-301F-11D3-BF4B-00C04F79EFBC}") = "DynamicSolver.Minimizer.Tests", "DynamicSolver.Minimizer.Tests\DynamicSolver.Minimizer.Tests.csproj", "{6E145CB5-B513-4C7D-93B6-187260E136C5}"
EndProject
Global
	GlobalSection(SolutionConfigurationPlatforms) = preSolution
		Debug|Any CPU = Debug|Any CPU
		Release|Any CPU = Release|Any CPU
	EndGlobalSection
	GlobalSection(ProjectConfigurationPlatforms) = postSolution
		{3A901D47-DD97-49FA-86A4-FF9E92EEA552}.Debug|Any CPU.ActiveCfg = Debug|Any CPU
		{3A901D47-DD97-49FA-86A4-FF9E92EEA552}.Debug|Any CPU.Build.0 = Debug|Any CPU
		{3A901D47-DD97-49FA-86A4-FF9E92EEA552}.Release|Any CPU.ActiveCfg = Release|Any CPU
		{3A901D47-DD97-49FA-86A4-FF9E92EEA552}.Release|Any CPU.Build.0 = Release|Any CPU
		{9239D3BF-592B-4532-BD62-0A94B4D296E2}.Debug|Any CPU.ActiveCfg = Debug|Any CPU
		{9239D3BF-592B-4532-BD62-0A94B4D296E2}.Debug|Any CPU.Build.0 = Debug|Any CPU
		{9239D3BF-592B-4532-BD62-0A94B4D296E2}.Release|Any CPU.ActiveCfg = Release|Any CPU
		{9239D3BF-592B-4532-BD62-0A94B4D296E2}.Release|Any CPU.Build.0 = Release|Any CPU
		{EFC18CB7-35E6-45FD-87A8-95B3654ABB2A}.Debug|Any CPU.ActiveCfg = Debug|Any CPU
		{EFC18CB7-35E6-45FD-87A8-95B3654ABB2A}.Debug|Any CPU.Build.0 = Debug|Any CPU
		{EFC18CB7-35E6-45FD-87A8-95B3654ABB2A}.Release|Any CPU.ActiveCfg = Release|Any CPU
		{EFC18CB7-35E6-45FD-87A8-95B3654ABB2A}.Release|Any CPU.Build.0 = Release|Any CPU
		{74375775-643E-4016-A7E2-F2B477A3175A}.Debug|Any CPU.ActiveCfg = Debug|Any CPU
		{74375775-643E-4016-A7E2-F2B477A3175A}.Debug|Any CPU.Build.0 = Debug|Any CPU
		{74375775-643E-4016-A7E2-F2B477A3175A}.Release|Any CPU.ActiveCfg = Release|Any CPU
		{74375775-643E-4016-A7E2-F2B477A3175A}.Release|Any CPU.Build.0 = Release|Any CPU
		{75DC424A-2F66-456D-8251-91A7290FB265}.Debug|Any CPU.ActiveCfg = Debug|Any CPU
		{75DC424A-2F66-456D-8251-91A7290FB265}.Debug|Any CPU.Build.0 = Debug|Any CPU
		{75DC424A-2F66-456D-8251-91A7290FB265}.Release|Any CPU.ActiveCfg = Release|Any CPU
		{75DC424A-2F66-456D-8251-91A7290FB265}.Release|Any CPU.Build.0 = Release|Any CPU
		{42F7B6FE-008D-4EC9-B5FB-7AFAE038B50B}.Debug|Any CPU.ActiveCfg = Debug|Any CPU
		{42F7B6FE-008D-4EC9-B5FB-7AFAE038B50B}.Debug|Any CPU.Build.0 = Debug|Any CPU
		{42F7B6FE-008D-4EC9-B5FB-7AFAE038B50B}.Release|Any CPU.ActiveCfg = Release|Any CPU
		{42F7B6FE-008D-4EC9-B5FB-7AFAE038B50B}.Release|Any CPU.Build.0 = Release|Any CPU
		{7091A9CF-91FE-440D-AF2D-B37345067114}.Debug|Any CPU.ActiveCfg = Debug|Any CPU
		{7091A9CF-91FE-440D-AF2D-B37345067114}.Debug|Any CPU.Build.0 = Debug|Any CPU
		{7091A9CF-91FE-440D-AF2D-B37345067114}.Release|Any CPU.ActiveCfg = Release|Any CPU
		{7091A9CF-91FE-440D-AF2D-B37345067114}.Release|Any CPU.Build.0 = Release|Any CPU
		{B93DFA6D-ABF2-45A7-ADDB-5B611515A245}.Debug|Any CPU.ActiveCfg = Debug|Any CPU
		{B93DFA6D-ABF2-45A7-ADDB-5B611515A245}.Debug|Any CPU.Build.0 = Debug|Any CPU
		{B93DFA6D-ABF2-45A7-ADDB-5B611515A245}.Release|Any CPU.ActiveCfg = Release|Any CPU
		{B93DFA6D-ABF2-45A7-ADDB-5B611515A245}.Release|Any CPU.Build.0 = Release|Any CPU
		{04B2B8B5-88EF-4484-9767-FCFDE69372DA}.Debug|Any CPU.ActiveCfg = Debug|Any CPU
		{04B2B8B5-88EF-4484-9767-FCFDE69372DA}.Debug|Any CPU.Build.0 = Debug|Any CPU
		{04B2B8B5-88EF-4484-9767-FCFDE69372DA}.Release|Any CPU.ActiveCfg = Release|Any CPU
		{04B2B8B5-88EF-4484-9767-FCFDE69372DA}.Release|Any CPU.Build.0 = Release|Any CPU
		{6E145CB5-B513-4C7D-93B6-187260E136C5}.Debug|Any CPU.ActiveCfg = Debug|Any CPU
		{6E145CB5-B513-4C7D-93B6-187260E136C5}.Debug|Any CPU.Build.0 = Debug|Any CPU
		{6E145CB5-B513-4C7D-93B6-187260E136C5}.Release|Any CPU.ActiveCfg = Release|Any CPU
		{6E145CB5-B513-4C7D-93B6-187260E136C5}.Release|Any CPU.Build.0 = Release|Any CPU
	EndGlobalSection
	GlobalSection(SolutionProperties) = preSolution
		HideSolutionNode = FALSE
	EndGlobalSection
	GlobalSection(NestedProjects) = preSolution
		{3A901D47-DD97-49FA-86A4-FF9E92EEA552} = {3803E1DB-7ECA-45E5-BEE1-8C2308AFBA2D}
		{9239D3BF-592B-4532-BD62-0A94B4D296E2} = {2E695FA3-D4C9-440B-A17E-319B73AF7B41}
		{E8601327-AA42-48D8-BCB1-9590F214EF48} = {2E695FA3-D4C9-440B-A17E-319B73AF7B41}
		{EFC18CB7-35E6-45FD-87A8-95B3654ABB2A} = {E8601327-AA42-48D8-BCB1-9590F214EF48}
		{74375775-643E-4016-A7E2-F2B477A3175A} = {2BE53A76-B20A-4A76-A5CF-B455471881F1}
		{75DC424A-2F66-456D-8251-91A7290FB265} = {2E695FA3-D4C9-440B-A17E-319B73AF7B41}
		{9019B105-D810-4019-8367-9254C3896935} = {2BE53A76-B20A-4A76-A5CF-B455471881F1}
		{42F7B6FE-008D-4EC9-B5FB-7AFAE038B50B} = {E8601327-AA42-48D8-BCB1-9590F214EF48}
		{7091A9CF-91FE-440D-AF2D-B37345067114} = {2BE53A76-B20A-4A76-A5CF-B455471881F1}
		{B93DFA6D-ABF2-45A7-ADDB-5B611515A245} = {9019B105-D810-4019-8367-9254C3896935}
		{04B2B8B5-88EF-4484-9767-FCFDE69372DA} = {2E695FA3-D4C9-440B-A17E-319B73AF7B41}
		{6E145CB5-B513-4C7D-93B6-187260E136C5} = {E8601327-AA42-48D8-BCB1-9590F214EF48}
	EndGlobalSection
EndGlobal
